
Microsoft Visual Studio Solution File, Format Version 12.00
# Visual Studio Version 17
VisualStudioVersion = 17.2.32630.192
MinimumVisualStudioVersion = 10.0.40219.1
Project("{FAE04EC0-301F-11D3-BF4B-00C04F79EFBC}") = "ShortURL", "ShortURL\ShortURL.csproj", "{244ABFA7-5B5B-40DD-ACD6-8337CF57B8F8}"
EndProject
Global
	GlobalSection(SolutionConfigurationPlatforms) = preSolution
		Debug|Any CPU = Debug|Any CPU
		Release|Any CPU = Release|Any CPU
	EndGlobalSection
	GlobalSection(ProjectConfigurationPlatforms) = postSolution
		{244ABFA7-5B5B-40DD-ACD6-8337CF57B8F8}.Debug|Any CPU.ActiveCfg = Debug|Any CPU
		{244ABFA7-5B5B-40DD-ACD6-8337CF57B8F8}.Debug|Any CPU.Build.0 = Debug|Any CPU
		{244ABFA7-5B5B-40DD-ACD6-8337CF57B8F8}.Release|Any CPU.ActiveCfg = Release|Any CPU
		{244ABFA7-5B5B-40DD-ACD6-8337CF57B8F8}.Release|Any CPU.Build.0 = Release|Any CPU
	EndGlobalSection
	GlobalSection(SolutionProperties) = preSolution
		HideSolutionNode = FALSE
	EndGlobalSection
	GlobalSection(ExtensibilityGlobals) = postSolution
		SolutionGuid = {FFFAEFF3-0786-4CC4-9C68-187C3BC637A4}
	EndGlobalSection
EndGlobal
